
Microsoft Visual Studio Solution File, Format Version 12.00
# Visual Studio Version 17
VisualStudioVersion = 17.6.33717.318
MinimumVisualStudioVersion = 10.0.40219.1
Project("{FAE04EC0-301F-11D3-BF4B-00C04F79EFBC}") = "ColaboradoresAPI", "ColaboradoresAPI.csproj", "{BE2051C7-2208-410F-8D3A-876033BB5BDA}"
EndProject
Global
	GlobalSection(SolutionConfigurationPlatforms) = preSolution
		Debug|Any CPU = Debug|Any CPU
		Release|Any CPU = Release|Any CPU
	EndGlobalSection
	GlobalSection(ProjectConfigurationPlatforms) = postSolution
		{BE2051C7-2208-410F-8D3A-876033BB5BDA}.Debug|Any CPU.ActiveCfg = Debug|Any CPU
		{BE2051C7-2208-410F-8D3A-876033BB5BDA}.Debug|Any CPU.Build.0 = Debug|Any CPU
		{BE2051C7-2208-410F-8D3A-876033BB5BDA}.Release|Any CPU.ActiveCfg = Release|Any CPU
		{BE2051C7-2208-410F-8D3A-876033BB5BDA}.Release|Any CPU.Build.0 = Release|Any CPU
	EndGlobalSection
	GlobalSection(SolutionProperties) = preSolution
		HideSolutionNode = FALSE
	EndGlobalSection
	GlobalSection(ExtensibilityGlobals) = postSolution
		SolutionGuid = {1DB336C2-AED2-4B31-8B81-81882BC35446}
	EndGlobalSection
EndGlobal
